{
  "nodes": {
    "naersk": {
      "inputs": {
        "nixpkgs": "nixpkgs"
      },
      "locked": {
        "lastModified": 1671096816,
        "narHash": "sha256-ezQCsNgmpUHdZANDCILm3RvtO1xH8uujk/+EqNvzIOg=",
        "owner": "nmattia",
        "repo": "naersk",
        "rev": "d998160d6a076cfe8f9741e56aeec7e267e3e114",
        "type": "github"
      },
      "original": {
        "owner": "nmattia",
        "ref": "master",
        "repo": "naersk",
        "type": "github"
      }
    },
    "nixpkgs": {
      "locked": {
        "lastModified": 1671268780,
        "narHash": "sha256-9Okbivo10bcXEGCtmAQNfJt1Zpk6B3tjkSQ2CIXmTCg=",
        "owner": "NixOS",
        "repo": "nixpkgs",
        "rev": "80c24eeb9ff46aa99617844d0c4168659e35175f",
        "type": "github"
      },
      "original": {
        "id": "nixpkgs",
        "type": "indirect"
      }
    },
    "nixpkgs_2": {
      "locked": {
        "lastModified": 1671268780,
        "narHash": "sha256-9Okbivo10bcXEGCtmAQNfJt1Zpk6B3tjkSQ2CIXmTCg=",
        "owner": "NixOS",
        "repo": "nixpkgs",
        "rev": "80c24eeb9ff46aa99617844d0c4168659e35175f",
        "type": "github"
      },
      "original": {
        "owner": "NixOS",
        "ref": "nixpkgs-unstable",
        "repo": "nixpkgs",
        "type": "github"
      }
    },
    "root": {
      "inputs": {
        "naersk": "naersk",
        "nixpkgs": "nixpkgs_2",
        "xremap": "xremap"
      }
    },
    "xremap": {
      "flake": false,
      "locked": {
        "lastModified": 1671310884,
        "narHash": "sha256-ZCabZCsNmEF609GCo5BRWgUCWRv1m3vIP8DzMYMnryc=",
        "owner": "k0kubun",
        "repo": "xremap",
        "rev": "cbf5cd027c783929a8f00bb23d82bef0249ed579",
        "type": "github"
      },
      "original": {
        "owner": "k0kubun",
        "ref": "v0.7.11",
        "repo": "xremap",
        "type": "github"
      }
    }
  },
  "root": "root",
  "version": 7
}
