{
  "nodes": {
    "naersk": {
      "inputs": {
        "nixpkgs": "nixpkgs"
      },
      "locked": {
        "lastModified": 1662220400,
        "narHash": "sha256-9o2OGQqu4xyLZP9K6kNe1pTHnyPz0Wr3raGYnr9AIgY=",
        "owner": "nmattia",
        "repo": "naersk",
        "rev": "6944160c19cb591eb85bbf9b2f2768a935623ed3",
        "type": "github"
      },
      "original": {
        "owner": "nmattia",
        "ref": "master",
        "repo": "naersk",
        "type": "github"
      }
    },
    "nixpkgs": {
      "locked": {
        "lastModified": 1670086663,
        "narHash": "sha256-hT8C8AQB74tdoCPwz4nlJypLMD7GI2F5q+vn+VE/qQk=",
        "owner": "NixOS",
        "repo": "nixpkgs",
        "rev": "813836d64fa57285d108f0dbf2356457ccd304e3",
        "type": "github"
      },
      "original": {
        "id": "nixpkgs",
        "type": "indirect"
      }
    },
    "nixpkgs_2": {
      "locked": {
        "lastModified": 1670086663,
        "narHash": "sha256-hT8C8AQB74tdoCPwz4nlJypLMD7GI2F5q+vn+VE/qQk=",
        "owner": "NixOS",
        "repo": "nixpkgs",
        "rev": "813836d64fa57285d108f0dbf2356457ccd304e3",
        "type": "github"
      },
      "original": {
        "owner": "NixOS",
        "ref": "nixpkgs-unstable",
        "repo": "nixpkgs",
        "type": "github"
      }
    },
    "root": {
      "inputs": {
        "naersk": "naersk",
        "nixpkgs": "nixpkgs_2",
        "xremap": "xremap"
      }
    },
    "xremap": {
      "flake": false,
      "locked": {
        "lastModified": 1670104055,
        "narHash": "sha256-644ZNdlYj6GBavDD7iDWnFEeNR+eSU9ueLAU2gR9hPg=",
        "owner": "k0kubun",
        "repo": "xremap",
        "rev": "97a538f67f0620d57f35911496ddc577bfe710ba",
        "type": "github"
      },
      "original": {
        "owner": "k0kubun",
        "ref": "v0.7.9",
        "repo": "xremap",
        "type": "github"
      }
    }
  },
  "root": "root",
  "version": 7
}
